
Microsoft Visual Studio Solution File, Format Version 12.00
# Visual Studio Version 17
VisualStudioVersion = 17.2.32505.173
MinimumVisualStudioVersion = 10.0.40219.1
Project("{FAE04EC0-301F-11D3-BF4B-00C04F79EFBC}") = "basic calculator", "basic calculator\basic calculator.csproj", "{7C900738-EA30-4D03-9FC0-C782FFD35704}"
EndProject
Global
	GlobalSection(SolutionConfigurationPlatforms) = preSolution
		Debug|Any CPU = Debug|Any CPU
		Release|Any CPU = Release|Any CPU
	EndGlobalSection
	GlobalSection(ProjectConfigurationPlatforms) = postSolution
		{7C900738-EA30-4D03-9FC0-C782FFD35704}.Debug|Any CPU.ActiveCfg = Debug|Any CPU
		{7C900738-EA30-4D03-9FC0-C782FFD35704}.Debug|Any CPU.Build.0 = Debug|Any CPU
		{7C900738-EA30-4D03-9FC0-C782FFD35704}.Release|Any CPU.ActiveCfg = Release|Any CPU
		{7C900738-EA30-4D03-9FC0-C782FFD35704}.Release|Any CPU.Build.0 = Release|Any CPU
	EndGlobalSection
	GlobalSection(SolutionProperties) = preSolution
		HideSolutionNode = FALSE
	EndGlobalSection
	GlobalSection(ExtensibilityGlobals) = postSolution
		SolutionGuid = {78D33D5E-CC30-4C1A-8871-9E79C5061652}
	EndGlobalSection
EndGlobal
